
Microsoft Visual Studio Solution File, Format Version 12.00
# Visual Studio Version 17
VisualStudioVersion = 17.4.33205.214
MinimumVisualStudioVersion = 10.0.40219.1
Project("{FAE04EC0-301F-11D3-BF4B-00C04F79EFBC}") = "LearningCenter", "LearningCenter\LearningCenter.csproj", "{FDF6959E-8592-482E-85E1-5EA919472E7A}"
EndProject
Global
	GlobalSection(SolutionConfigurationPlatforms) = preSolution
		Debug|Any CPU = Debug|Any CPU
		Release|Any CPU = Release|Any CPU
	EndGlobalSection
	GlobalSection(ProjectConfigurationPlatforms) = postSolution
		{FDF6959E-8592-482E-85E1-5EA919472E7A}.Debug|Any CPU.ActiveCfg = Debug|Any CPU
		{FDF6959E-8592-482E-85E1-5EA919472E7A}.Debug|Any CPU.Build.0 = Debug|Any CPU
		{FDF6959E-8592-482E-85E1-5EA919472E7A}.Release|Any CPU.ActiveCfg = Release|Any CPU
		{FDF6959E-8592-482E-85E1-5EA919472E7A}.Release|Any CPU.Build.0 = Release|Any CPU
	EndGlobalSection
	GlobalSection(SolutionProperties) = preSolution
		HideSolutionNode = FALSE
	EndGlobalSection
	GlobalSection(ExtensibilityGlobals) = postSolution
		SolutionGuid = {721CD659-74A6-4BE5-871D-FCB6755C60ED}
	EndGlobalSection
EndGlobal
